
Microsoft Visual Studio Solution File, Format Version 12.00
# Visual Studio Version 16
VisualStudioVersion = 16.0.29920.165
MinimumVisualStudioVersion = 10.0.40219.1
Project("{FAE04EC0-301F-11D3-BF4B-00C04F79EFBC}") = "Sysacad", "Sysacad\Sysacad.csproj", "{F825FF4E-3357-4E28-ABDC-6367C043E25A}"
EndProject
Global
	GlobalSection(SolutionConfigurationPlatforms) = preSolution
		Debug|Any CPU = Debug|Any CPU
		Release|Any CPU = Release|Any CPU
	EndGlobalSection
	GlobalSection(ProjectConfigurationPlatforms) = postSolution
		{F825FF4E-3357-4E28-ABDC-6367C043E25A}.Debug|Any CPU.ActiveCfg = Debug|Any CPU
		{F825FF4E-3357-4E28-ABDC-6367C043E25A}.Debug|Any CPU.Build.0 = Debug|Any CPU
		{F825FF4E-3357-4E28-ABDC-6367C043E25A}.Release|Any CPU.ActiveCfg = Release|Any CPU
		{F825FF4E-3357-4E28-ABDC-6367C043E25A}.Release|Any CPU.Build.0 = Release|Any CPU
	EndGlobalSection
	GlobalSection(SolutionProperties) = preSolution
		HideSolutionNode = FALSE
	EndGlobalSection
	GlobalSection(ExtensibilityGlobals) = postSolution
		SolutionGuid = {1120BC74-6D5B-4907-8BDA-B0E7D9687900}
	EndGlobalSection
EndGlobal
